
Microsoft Visual Studio Solution File, Format Version 12.00
# Visual Studio Version 17
VisualStudioVersion = 17.13.35825.156
MinimumVisualStudioVersion = 10.0.40219.1
Project("{FAE04EC0-301F-11D3-BF4B-00C04F79EFBC}") = "MauiTabbedPageNavigationBug.Maui", "MauiTabbedPageNavigationBug.Maui\MauiTabbedPageNavigationBug.Maui.csproj", "{6453389C-5FE1-43FA-AFC1-616D30509647}"
EndProject
Global
	GlobalSection(SolutionConfigurationPlatforms) = preSolution
		Debug|Any CPU = Debug|Any CPU
		Release|Any CPU = Release|Any CPU
	EndGlobalSection
	GlobalSection(ProjectConfigurationPlatforms) = postSolution
		{6453389C-5FE1-43FA-AFC1-616D30509647}.Debug|Any CPU.ActiveCfg = Debug|Any CPU
		{6453389C-5FE1-43FA-AFC1-616D30509647}.Debug|Any CPU.Build.0 = Debug|Any CPU
		{6453389C-5FE1-43FA-AFC1-616D30509647}.Debug|Any CPU.Deploy.0 = Debug|Any CPU
		{6453389C-5FE1-43FA-AFC1-616D30509647}.Release|Any CPU.ActiveCfg = Release|Any CPU
		{6453389C-5FE1-43FA-AFC1-616D30509647}.Release|Any CPU.Build.0 = Release|Any CPU
	EndGlobalSection
	GlobalSection(SolutionProperties) = preSolution
		HideSolutionNode = FALSE
	EndGlobalSection
	GlobalSection(ExtensibilityGlobals) = postSolution
		SolutionGuid = {B8D56C17-482F-4506-B754-862685E46B53}
	EndGlobalSection
EndGlobal
